
Microsoft Visual Studio Solution File, Format Version 12.00
# Visual Studio Version 17
VisualStudioVersion = 17.12.35707.178
MinimumVisualStudioVersion = 10.0.40219.1
Project("{FAE04EC0-301F-11D3-BF4B-00C04F79EFBC}") = "Cenero.Assessment.Aspnet", "assessments\Cenero.Assessment.Aspnet.csproj", "{1C6A5C3F-9ED9-4202-AA4E-CCAE40B42207}"
EndProject
Project("{FAE04EC0-301F-11D3-BF4B-00C04F79EFBC}") = "Cenero.Assessment.Async", "assessments\async\Cenero.Assessment.Async\Cenero.Assessment.Async.csproj", "{C6780BE4-AD8E-42AD-BCF1-9FD9552DFFE8}"
EndProject
Global
	GlobalSection(SolutionConfigurationPlatforms) = preSolution
		Debug|Any CPU = Debug|Any CPU
		Release|Any CPU = Release|Any CPU
	EndGlobalSection
	GlobalSection(ProjectConfigurationPlatforms) = postSolution
		{1C6A5C3F-9ED9-4202-AA4E-CCAE40B42207}.Debug|Any CPU.ActiveCfg = Debug|Any CPU
		{1C6A5C3F-9ED9-4202-AA4E-CCAE40B42207}.Debug|Any CPU.Build.0 = Debug|Any CPU
		{1C6A5C3F-9ED9-4202-AA4E-CCAE40B42207}.Release|Any CPU.ActiveCfg = Release|Any CPU
		{1C6A5C3F-9ED9-4202-AA4E-CCAE40B42207}.Release|Any CPU.Build.0 = Release|Any CPU
		{C6780BE4-AD8E-42AD-BCF1-9FD9552DFFE8}.Debug|Any CPU.ActiveCfg = Debug|Any CPU
		{C6780BE4-AD8E-42AD-BCF1-9FD9552DFFE8}.Debug|Any CPU.Build.0 = Debug|Any CPU
		{C6780BE4-AD8E-42AD-BCF1-9FD9552DFFE8}.Release|Any CPU.ActiveCfg = Release|Any CPU
		{C6780BE4-AD8E-42AD-BCF1-9FD9552DFFE8}.Release|Any CPU.Build.0 = Release|Any CPU
	EndGlobalSection
	GlobalSection(SolutionProperties) = preSolution
		HideSolutionNode = FALSE
	EndGlobalSection
EndGlobal
